// !$*UTF8*$!
{
	archiveVersion = 1;
	classes = {
	};
	objectVersion = 56;
	objects = {

/* Begin PBXBuildFile section */
		1266FC052B6CE52F00D35198 /* LogoView.swift in Sources */ = {isa = PBXBuildFile; fileRef = 1266FC042B6CE52F00D35198 /* LogoView.swift */; };
		1266FC072B6CE5E200D35198 /* ResultView.swift in Sources */ = {isa = PBXBuildFile; fileRef = 1266FC062B6CE5E200D35198 /* ResultView.swift */; };
		1266FC092B6CE5F400D35198 /* BillInputView.swift in Sources */ = {isa = PBXBuildFile; fileRef = 1266FC082B6CE5F400D35198 /* BillInputView.swift */; };
		1266FC0B2B6CE60200D35198 /* TipInputView.swift in Sources */ = {isa = PBXBuildFile; fileRef = 1266FC0A2B6CE60200D35198 /* TipInputView.swift */; };
		1266FC0D2B6CE61000D35198 /* SplitInputView.swift in Sources */ = {isa = PBXBuildFile; fileRef = 1266FC0C2B6CE61000D35198 /* SplitInputView.swift */; };
		1266FC102B6CEB1600D35198 /* ThemeColor.swift in Sources */ = {isa = PBXBuildFile; fileRef = 1266FC0F2B6CEB1600D35198 /* ThemeColor.swift */; };
		1266FC122B6CEB2600D35198 /* ThemeFont.swift in Sources */ = {isa = PBXBuildFile; fileRef = 1266FC112B6CEB2600D35198 /* ThemeFont.swift */; };
		1266FC182B6CF49400D35198 /* LabelFactory.swift in Sources */ = {isa = PBXBuildFile; fileRef = 1266FC172B6CF49400D35198 /* LabelFactory.swift */; };
		1266FC1D2B6E78B000D35198 /* AmountView.swift in Sources */ = {isa = PBXBuildFile; fileRef = 1266FC1C2B6E78B000D35198 /* AmountView.swift */; };
		1266FC202B6E7A2C00D35198 /* UIView+Extension.swift in Sources */ = {isa = PBXBuildFile; fileRef = 1266FC1F2B6E7A2C00D35198 /* UIView+Extension.swift */; };
		1266FC232B6E9D5300D35198 /* Tip.swift in Sources */ = {isa = PBXBuildFile; fileRef = 1266FC222B6E9D5300D35198 /* Tip.swift */; };
		1266FC252B6E9D6C00D35198 /* HeaderView.swift in Sources */ = {isa = PBXBuildFile; fileRef = 1266FC242B6E9D6C00D35198 /* HeaderView.swift */; };
		1266FC282B6FB99D00D35198 /* CalculatorVM.swift in Sources */ = {isa = PBXBuildFile; fileRef = 1266FC272B6FB99D00D35198 /* CalculatorVM.swift */; };
		1266FC2A2B6FBA8300D35198 /* Result.swift in Sources */ = {isa = PBXBuildFile; fileRef = 1266FC292B6FBA8300D35198 /* Result.swift */; };
		1266FC2C2B6FF39E00D35198 /* String+Extension.swift in Sources */ = {isa = PBXBuildFile; fileRef = 1266FC2B2B6FF39E00D35198 /* String+Extension.swift */; };
		1266FC2E2B6FFF2E00D35198 /* UIResponder+Extension.swift in Sources */ = {isa = PBXBuildFile; fileRef = 1266FC2D2B6FFF2E00D35198 /* UIResponder+Extension.swift */; };
		12A7B2362B6B488E00081A0C /* AppDelegate.swift in Sources */ = {isa = PBXBuildFile; fileRef = 12A7B2352B6B488E00081A0C /* AppDelegate.swift */; };
		12A7B2382B6B488E00081A0C /* SceneDelegate.swift in Sources */ = {isa = PBXBuildFile; fileRef = 12A7B2372B6B488E00081A0C /* SceneDelegate.swift */; };
		12A7B23A2B6B488E00081A0C /* CalculatorVC.swift in Sources */ = {isa = PBXBuildFile; fileRef = 12A7B2392B6B488E00081A0C /* CalculatorVC.swift */; };
		12A7B23F2B6B488F00081A0C /* Assets.xcassets in Resources */ = {isa = PBXBuildFile; fileRef = 12A7B23E2B6B488F00081A0C /* Assets.xcassets */; };
		12A7B2422B6B488F00081A0C /* LaunchScreen.storyboard in Resources */ = {isa = PBXBuildFile; fileRef = 12A7B2402B6B488F00081A0C /* LaunchScreen.storyboard */; };
		12A7B24D2B6B489000081A0C /* tip_calculatorTests.swift in Sources */ = {isa = PBXBuildFile; fileRef = 12A7B24C2B6B489000081A0C /* tip_calculatorTests.swift */; };
		12A7B2572B6B489000081A0C /* tip_calculatorUITests.swift in Sources */ = {isa = PBXBuildFile; fileRef = 12A7B2562B6B489000081A0C /* tip_calculatorUITests.swift */; };
		12A7B2592B6B489000081A0C /* tip_calculatorUITestsLaunchTests.swift in Sources */ = {isa = PBXBuildFile; fileRef = 12A7B2582B6B489000081A0C /* tip_calculatorUITestsLaunchTests.swift */; };
		12A7B2672B6CB59C00081A0C /* CombineCocoa in Frameworks */ = {isa = PBXBuildFile; productRef = 12A7B2662B6CB59C00081A0C /* CombineCocoa */; };
		12A7B26A2B6CB5CF00081A0C /* SnapKit in Frameworks */ = {isa = PBXBuildFile; productRef = 12A7B2692B6CB5CF00081A0C /* SnapKit */; };
		12A7B26D2B6CB5F900081A0C /* CombineCocoa in Frameworks */ = {isa = PBXBuildFile; productRef = 12A7B26C2B6CB5F900081A0C /* CombineCocoa */; };
		12A7B2702B6CB6F200081A0C /* SnapshotTesting in Frameworks */ = {isa = PBXBuildFile; productRef = 12A7B26F2B6CB6F200081A0C /* SnapshotTesting */; };
		12A7B2722B6CB70600081A0C /* CombineCocoa in Frameworks */ = {isa = PBXBuildFile; productRef = 12A7B2712B6CB70600081A0C /* CombineCocoa */; };
		12CDB0182B70F8A50074073B /* Int+Extension.swift in Sources */ = {isa = PBXBuildFile; fileRef = 12CDB0172B70F8A50074073B /* Int+Extension.swift */; };
		12CDB01A2B720D7F0074073B /* Double+Extension.swift in Sources */ = {isa = PBXBuildFile; fileRef = 12CDB0192B720D7F0074073B /* Double+Extension.swift */; };
/* End PBXBuildFile section */

/* Begin PBXContainerItemProxy section */
		12A7B2492B6B489000081A0C /* PBXContainerItemProxy */ = {
			isa = PBXContainerItemProxy;
			containerPortal = 12A7B22A2B6B488D00081A0C /* Project object */;
			proxyType = 1;
			remoteGlobalIDString = 12A7B2312B6B488D00081A0C;
			remoteInfo = "tip-calculator";
		};
		12A7B2532B6B489000081A0C /* PBXContainerItemProxy */ = {
			isa = PBXContainerItemProxy;
			containerPortal = 12A7B22A2B6B488D00081A0C /* Project object */;
			proxyType = 1;
			remoteGlobalIDString = 12A7B2312B6B488D00081A0C;
			remoteInfo = "tip-calculator";
		};
/* End PBXContainerItemProxy section */

/* Begin PBXFileReference section */
		1266FC042B6CE52F00D35198 /* LogoView.swift */ = {isa = PBXFileReference; lastKnownFileType = sourcecode.swift; path = LogoView.swift; sourceTree = "<group>"; };
		1266FC062B6CE5E200D35198 /* ResultView.swift */ = {isa = PBXFileReference; lastKnownFileType = sourcecode.swift; path = ResultView.swift; sourceTree = "<group>"; };
		1266FC082B6CE5F400D35198 /* BillInputView.swift */ = {isa = PBXFileReference; lastKnownFileType = sourcecode.swift; path = BillInputView.swift; sourceTree = "<group>"; };
		1266FC0A2B6CE60200D35198 /* TipInputView.swift */ = {isa = PBXFileReference; lastKnownFileType = sourcecode.swift; path = TipInputView.swift; sourceTree = "<group>"; };
		1266FC0C2B6CE61000D35198 /* SplitInputView.swift */ = {isa = PBXFileReference; lastKnownFileType = sourcecode.swift; path = SplitInputView.swift; sourceTree = "<group>"; };
		1266FC0F2B6CEB1600D35198 /* ThemeColor.swift */ = {isa = PBXFileReference; lastKnownFileType = sourcecode.swift; path = ThemeColor.swift; sourceTree = "<group>"; };
		1266FC112B6CEB2600D35198 /* ThemeFont.swift */ = {isa = PBXFileReference; lastKnownFileType = sourcecode.swift; path = ThemeFont.swift; sourceTree = "<group>"; };
		1266FC172B6CF49400D35198 /* LabelFactory.swift */ = {isa = PBXFileReference; lastKnownFileType = sourcecode.swift; path = LabelFactory.swift; sourceTree = "<group>"; };
		1266FC1C2B6E78B000D35198 /* AmountView.swift */ = {isa = PBXFileReference; lastKnownFileType = sourcecode.swift; path = AmountView.swift; sourceTree = "<group>"; };
		1266FC1F2B6E7A2C00D35198 /* UIView+Extension.swift */ = {isa = PBXFileReference; lastKnownFileType = sourcecode.swift; path = "UIView+Extension.swift"; sourceTree = "<group>"; };
		1266FC222B6E9D5300D35198 /* Tip.swift */ = {isa = PBXFileReference; lastKnownFileType = sourcecode.swift; path = Tip.swift; sourceTree = "<group>"; };
		1266FC242B6E9D6C00D35198 /* HeaderView.swift */ = {isa = PBXFileReference; lastKnownFileType = sourcecode.swift; path = HeaderView.swift; sourceTree = "<group>"; };
		1266FC272B6FB99D00D35198 /* CalculatorVM.swift */ = {isa = PBXFileReference; lastKnownFileType = sourcecode.swift; path = CalculatorVM.swift; sourceTree = "<group>"; };
		1266FC292B6FBA8300D35198 /* Result.swift */ = {isa = PBXFileReference; lastKnownFileType = sourcecode.swift; path = Result.swift; sourceTree = "<group>"; };
		1266FC2B2B6FF39E00D35198 /* String+Extension.swift */ = {isa = PBXFileReference; lastKnownFileType = sourcecode.swift; path = "String+Extension.swift"; sourceTree = "<group>"; };
		1266FC2D2B6FFF2E00D35198 /* UIResponder+Extension.swift */ = {isa = PBXFileReference; lastKnownFileType = sourcecode.swift; path = "UIResponder+Extension.swift"; sourceTree = "<group>"; };
		12A7B2322B6B488D00081A0C /* tip-calculator.app */ = {isa = PBXFileReference; explicitFileType = wrapper.application; includeInIndex = 0; path = "tip-calculator.app"; sourceTree = BUILT_PRODUCTS_DIR; };
		12A7B2352B6B488E00081A0C /* AppDelegate.swift */ = {isa = PBXFileReference; lastKnownFileType = sourcecode.swift; path = AppDelegate.swift; sourceTree = "<group>"; };
		12A7B2372B6B488E00081A0C /* SceneDelegate.swift */ = {isa = PBXFileReference; lastKnownFileType = sourcecode.swift; path = SceneDelegate.swift; sourceTree = "<group>"; };
		12A7B2392B6B488E00081A0C /* CalculatorVC.swift */ = {isa = PBXFileReference; lastKnownFileType = sourcecode.swift; path = CalculatorVC.swift; sourceTree = "<group>"; };
		12A7B23E2B6B488F00081A0C /* Assets.xcassets */ = {isa = PBXFileReference; lastKnownFileType = folder.assetcatalog; path = Assets.xcassets; sourceTree = "<group>"; };
		12A7B2412B6B488F00081A0C /* Base */ = {isa = PBXFileReference; lastKnownFileType = file.storyboard; name = Base; path = Base.lproj/LaunchScreen.storyboard; sourceTree = "<group>"; };
		12A7B2432B6B488F00081A0C /* Info.plist */ = {isa = PBXFileReference; lastKnownFileType = text.plist.xml; path = Info.plist; sourceTree = "<group>"; };
		12A7B2482B6B489000081A0C /* tip-calculatorTests.xctest */ = {isa = PBXFileReference; explicitFileType = wrapper.cfbundle; includeInIndex = 0; path = "tip-calculatorTests.xctest"; sourceTree = BUILT_PRODUCTS_DIR; };
		12A7B24C2B6B489000081A0C /* tip_calculatorTests.swift */ = {isa = PBXFileReference; lastKnownFileType = sourcecode.swift; path = tip_calculatorTests.swift; sourceTree = "<group>"; };
		12A7B2522B6B489000081A0C /* tip-calculatorUITests.xctest */ = {isa = PBXFileReference; explicitFileType = wrapper.cfbundle; includeInIndex = 0; path = "tip-calculatorUITests.xctest"; sourceTree = BUILT_PRODUCTS_DIR; };
		12A7B2562B6B489000081A0C /* tip_calculatorUITests.swift */ = {isa = PBXFileReference; lastKnownFileType = sourcecode.swift; path = tip_calculatorUITests.swift; sourceTree = "<group>"; };
		12A7B2582B6B489000081A0C /* tip_calculatorUITestsLaunchTests.swift */ = {isa = PBXFileReference; lastKnownFileType = sourcecode.swift; path = tip_calculatorUITestsLaunchTests.swift; sourceTree = "<group>"; };
		12CDB0172B70F8A50074073B /* Int+Extension.swift */ = {isa = PBXFileReference; lastKnownFileType = sourcecode.swift; path = "Int+Extension.swift"; sourceTree = "<group>"; };
		12CDB0192B720D7F0074073B /* Double+Extension.swift */ = {isa = PBXFileReference; lastKnownFileType = sourcecode.swift; path = "Double+Extension.swift"; sourceTree = "<group>"; };
/* End PBXFileReference section */

/* Begin PBXFrameworksBuildPhase section */
		12A7B22F2B6B488D00081A0C /* Frameworks */ = {
			isa = PBXFrameworksBuildPhase;
			buildActionMask = 2147483647;
			files = (
				12A7B2672B6CB59C00081A0C /* CombineCocoa in Frameworks */,
				12A7B26A2B6CB5CF00081A0C /* SnapKit in Frameworks */,
			);
			runOnlyForDeploymentPostprocessing = 0;
		};
		12A7B2452B6B489000081A0C /* Frameworks */ = {
			isa = PBXFrameworksBuildPhase;
			buildActionMask = 2147483647;
			files = (
				12A7B26D2B6CB5F900081A0C /* CombineCocoa in Frameworks */,
				12A7B2702B6CB6F200081A0C /* SnapshotTesting in Frameworks */,
			);
			runOnlyForDeploymentPostprocessing = 0;
		};
		12A7B24F2B6B489000081A0C /* Frameworks */ = {
			isa = PBXFrameworksBuildPhase;
			buildActionMask = 2147483647;
			files = (
				12A7B2722B6CB70600081A0C /* CombineCocoa in Frameworks */,
			);
			runOnlyForDeploymentPostprocessing = 0;
		};
/* End PBXFrameworksBuildPhase section */

/* Begin PBXGroup section */
		1266FC032B6CE51A00D35198 /* View */ = {
			isa = PBXGroup;
			children = (
				1266FC042B6CE52F00D35198 /* LogoView.swift */,
				1266FC062B6CE5E200D35198 /* ResultView.swift */,
				1266FC082B6CE5F400D35198 /* BillInputView.swift */,
				1266FC0A2B6CE60200D35198 /* TipInputView.swift */,
				1266FC0C2B6CE61000D35198 /* SplitInputView.swift */,
				1266FC1C2B6E78B000D35198 /* AmountView.swift */,
				1266FC242B6E9D6C00D35198 /* HeaderView.swift */,
			);
			path = View;
			sourceTree = "<group>";
		};
		1266FC0E2B6CEB0100D35198 /* Config */ = {
			isa = PBXGroup;
			children = (
				1266FC0F2B6CEB1600D35198 /* ThemeColor.swift */,
				1266FC112B6CEB2600D35198 /* ThemeFont.swift */,
			);
			path = Config;
			sourceTree = "<group>";
		};
		1266FC162B6CF47D00D35198 /* Resource */ = {
			isa = PBXGroup;
			children = (
				1266FC172B6CF49400D35198 /* LabelFactory.swift */,
			);
			path = Resource;
			sourceTree = "<group>";
		};
		1266FC1E2B6E7A1C00D35198 /* Extension */ = {
			isa = PBXGroup;
			children = (
				1266FC1F2B6E7A2C00D35198 /* UIView+Extension.swift */,
				1266FC2B2B6FF39E00D35198 /* String+Extension.swift */,
				1266FC2D2B6FFF2E00D35198 /* UIResponder+Extension.swift */,
				12CDB0172B70F8A50074073B /* Int+Extension.swift */,
				12CDB0192B720D7F0074073B /* Double+Extension.swift */,
			);
			path = Extension;
			sourceTree = "<group>";
		};
		1266FC212B6E9D4300D35198 /* Model */ = {
			isa = PBXGroup;
			children = (
				1266FC222B6E9D5300D35198 /* Tip.swift */,
				1266FC292B6FBA8300D35198 /* Result.swift */,
			);
			path = Model;
			sourceTree = "<group>";
		};
		1266FC262B6FB98400D35198 /* ViewModel */ = {
			isa = PBXGroup;
			children = (
				1266FC272B6FB99D00D35198 /* CalculatorVM.swift */,
			);
			path = ViewModel;
			sourceTree = "<group>";
		};
		12A7B2292B6B488D00081A0C = {
			isa = PBXGroup;
			children = (
				12A7B2342B6B488E00081A0C /* tip-calculator */,
				12A7B24B2B6B489000081A0C /* tip-calculatorTests */,
				12A7B2552B6B489000081A0C /* tip-calculatorUITests */,
				12A7B2332B6B488E00081A0C /* Products */,
				12A7B26B2B6CB5F900081A0C /* Frameworks */,
			);
			sourceTree = "<group>";
		};
		12A7B2332B6B488E00081A0C /* Products */ = {
			isa = PBXGroup;
			children = (
				12A7B2322B6B488D00081A0C /* tip-calculator.app */,
				12A7B2482B6B489000081A0C /* tip-calculatorTests.xctest */,
				12A7B2522B6B489000081A0C /* tip-calculatorUITests.xctest */,
			);
			name = Products;
			sourceTree = "<group>";
		};
		12A7B2342B6B488E00081A0C /* tip-calculator */ = {
			isa = PBXGroup;
			children = (
				1266FC262B6FB98400D35198 /* ViewModel */,
				1266FC212B6E9D4300D35198 /* Model */,
				1266FC1E2B6E7A1C00D35198 /* Extension */,
				1266FC162B6CF47D00D35198 /* Resource */,
				1266FC0E2B6CEB0100D35198 /* Config */,
				1266FC032B6CE51A00D35198 /* View */,
				12A7B2352B6B488E00081A0C /* AppDelegate.swift */,
				12A7B2372B6B488E00081A0C /* SceneDelegate.swift */,
				12A7B2392B6B488E00081A0C /* CalculatorVC.swift */,
				12A7B23E2B6B488F00081A0C /* Assets.xcassets */,
				12A7B2402B6B488F00081A0C /* LaunchScreen.storyboard */,
				12A7B2432B6B488F00081A0C /* Info.plist */,
			);
			path = "tip-calculator";
			sourceTree = "<group>";
		};
		12A7B24B2B6B489000081A0C /* tip-calculatorTests */ = {
			isa = PBXGroup;
			children = (
				12A7B24C2B6B489000081A0C /* tip_calculatorTests.swift */,
			);
			path = "tip-calculatorTests";
			sourceTree = "<group>";
		};
		12A7B2552B6B489000081A0C /* tip-calculatorUITests */ = {
			isa = PBXGroup;
			children = (
				12A7B2562B6B489000081A0C /* tip_calculatorUITests.swift */,
				12A7B2582B6B489000081A0C /* tip_calculatorUITestsLaunchTests.swift */,
			);
			path = "tip-calculatorUITests";
			sourceTree = "<group>";
		};
		12A7B26B2B6CB5F900081A0C /* Frameworks */ = {
			isa = PBXGroup;
			children = (
			);
			name = Frameworks;
			sourceTree = "<group>";
		};
/* End PBXGroup section */

/* Begin PBXNativeTarget section */
		12A7B2312B6B488D00081A0C /* tip-calculator */ = {
			isa = PBXNativeTarget;
			buildConfigurationList = 12A7B25C2B6B489000081A0C /* Build configuration list for PBXNativeTarget "tip-calculator" */;
			buildPhases = (
				12A7B22E2B6B488D00081A0C /* Sources */,
				12A7B22F2B6B488D00081A0C /* Frameworks */,
				12A7B2302B6B488D00081A0C /* Resources */,
			);
			buildRules = (
			);
			dependencies = (
			);
			name = "tip-calculator";
			packageProductDependencies = (
				12A7B2662B6CB59C00081A0C /* CombineCocoa */,
				12A7B2692B6CB5CF00081A0C /* SnapKit */,
			);
			productName = "tip-calculator";
			productReference = 12A7B2322B6B488D00081A0C /* tip-calculator.app */;
			productType = "com.apple.product-type.application";
		};
		12A7B2472B6B489000081A0C /* tip-calculatorTests */ = {
			isa = PBXNativeTarget;
			buildConfigurationList = 12A7B25F2B6B489000081A0C /* Build configuration list for PBXNativeTarget "tip-calculatorTests" */;
			buildPhases = (
				12A7B2442B6B489000081A0C /* Sources */,
				12A7B2452B6B489000081A0C /* Frameworks */,
				12A7B2462B6B489000081A0C /* Resources */,
			);
			buildRules = (
			);
			dependencies = (
				12A7B24A2B6B489000081A0C /* PBXTargetDependency */,
			);
			name = "tip-calculatorTests";
			packageProductDependencies = (
				12A7B26C2B6CB5F900081A0C /* CombineCocoa */,
				12A7B26F2B6CB6F200081A0C /* SnapshotTesting */,
			);
			productName = "tip-calculatorTests";
			productReference = 12A7B2482B6B489000081A0C /* tip-calculatorTests.xctest */;
			productType = "com.apple.product-type.bundle.unit-test";
		};
		12A7B2512B6B489000081A0C /* tip-calculatorUITests */ = {
			isa = PBXNativeTarget;
			buildConfigurationList = 12A7B2622B6B489000081A0C /* Build configuration list for PBXNativeTarget "tip-calculatorUITests" */;
			buildPhases = (
				12A7B24E2B6B489000081A0C /* Sources */,
				12A7B24F2B6B489000081A0C /* Frameworks */,
				12A7B2502B6B489000081A0C /* Resources */,
			);
			buildRules = (
			);
			dependencies = (
				12A7B2542B6B489000081A0C /* PBXTargetDependency */,
			);
			name = "tip-calculatorUITests";
			packageProductDependencies = (
				12A7B2712B6CB70600081A0C /* CombineCocoa */,
			);
			productName = "tip-calculatorUITests";
			productReference = 12A7B2522B6B489000081A0C /* tip-calculatorUITests.xctest */;
			productType = "com.apple.product-type.bundle.ui-testing";
		};
/* End PBXNativeTarget section */

/* Begin PBXProject section */
		12A7B22A2B6B488D00081A0C /* Project object */ = {
			isa = PBXProject;
			attributes = {
				BuildIndependentTargetsInParallel = 1;
				LastSwiftUpdateCheck = 1510;
				LastUpgradeCheck = 1510;
				TargetAttributes = {
					12A7B2312B6B488D00081A0C = {
						CreatedOnToolsVersion = 15.1;
					};
					12A7B2472B6B489000081A0C = {
						CreatedOnToolsVersion = 15.1;
						TestTargetID = 12A7B2312B6B488D00081A0C;
					};
					12A7B2512B6B489000081A0C = {
						CreatedOnToolsVersion = 15.1;
						TestTargetID = 12A7B2312B6B488D00081A0C;
					};
				};
			};
			buildConfigurationList = 12A7B22D2B6B488D00081A0C /* Build configuration list for PBXProject "tip-calculator" */;
			compatibilityVersion = "Xcode 14.0";
			developmentRegion = en;
			hasScannedForEncodings = 0;
			knownRegions = (
				en,
				Base,
			);
			mainGroup = 12A7B2292B6B488D00081A0C;
			packageReferences = (
				12A7B2652B6CB59B00081A0C /* XCRemoteSwiftPackageReference "CombineCocoa" */,
				12A7B2682B6CB5CF00081A0C /* XCRemoteSwiftPackageReference "SnapKit" */,
				12A7B26E2B6CB6F200081A0C /* XCRemoteSwiftPackageReference "swift-snapshot-testing" */,
			);
			productRefGroup = 12A7B2332B6B488E00081A0C /* Products */;
			projectDirPath = "";
			projectRoot = "";
			targets = (
				12A7B2312B6B488D00081A0C /* tip-calculator */,
				12A7B2472B6B489000081A0C /* tip-calculatorTests */,
				12A7B2512B6B489000081A0C /* tip-calculatorUITests */,
			);
		};
/* End PBXProject section */

/* Begin PBXResourcesBuildPhase section */
		12A7B2302B6B488D00081A0C /* Resources */ = {
			isa = PBXResourcesBuildPhase;
			buildActionMask = 2147483647;
			files = (
				12A7B2422B6B488F00081A0C /* LaunchScreen.storyboard in Resources */,
				12A7B23F2B6B488F00081A0C /* Assets.xcassets in Resources */,
			);
			runOnlyForDeploymentPostprocessing = 0;
		};
		12A7B2462B6B489000081A0C /* Resources */ = {
			isa = PBXResourcesBuildPhase;
			buildActionMask = 2147483647;
			files = (
			);
			runOnlyForDeploymentPostprocessing = 0;
		};
		12A7B2502B6B489000081A0C /* Resources */ = {
			isa = PBXResourcesBuildPhase;
			buildActionMask = 2147483647;
			files = (
			);
			runOnlyForDeploymentPostprocessing = 0;
		};
/* End PBXResourcesBuildPhase section */

/* Begin PBXSourcesBuildPhase section */
		12A7B22E2B6B488D00081A0C /* Sources */ = {
			isa = PBXSourcesBuildPhase;
			buildActionMask = 2147483647;
			files = (
				1266FC2E2B6FFF2E00D35198 /* UIResponder+Extension.swift in Sources */,
				12A7B23A2B6B488E00081A0C /* CalculatorVC.swift in Sources */,
				12CDB01A2B720D7F0074073B /* Double+Extension.swift in Sources */,
				1266FC202B6E7A2C00D35198 /* UIView+Extension.swift in Sources */,
				1266FC052B6CE52F00D35198 /* LogoView.swift in Sources */,
				1266FC232B6E9D5300D35198 /* Tip.swift in Sources */,
				12CDB0182B70F8A50074073B /* Int+Extension.swift in Sources */,
				1266FC1D2B6E78B000D35198 /* AmountView.swift in Sources */,
				1266FC102B6CEB1600D35198 /* ThemeColor.swift in Sources */,
				1266FC182B6CF49400D35198 /* LabelFactory.swift in Sources */,
				1266FC092B6CE5F400D35198 /* BillInputView.swift in Sources */,
				1266FC072B6CE5E200D35198 /* ResultView.swift in Sources */,
				12A7B2362B6B488E00081A0C /* AppDelegate.swift in Sources */,
				1266FC2C2B6FF39E00D35198 /* String+Extension.swift in Sources */,
				1266FC282B6FB99D00D35198 /* CalculatorVM.swift in Sources */,
				1266FC252B6E9D6C00D35198 /* HeaderView.swift in Sources */,
				1266FC122B6CEB2600D35198 /* ThemeFont.swift in Sources */,
				12A7B2382B6B488E00081A0C /* SceneDelegate.swift in Sources */,
				1266FC2A2B6FBA8300D35198 /* Result.swift in Sources */,
				1266FC0D2B6CE61000D35198 /* SplitInputView.swift in Sources */,
				1266FC0B2B6CE60200D35198 /* TipInputView.swift in Sources */,
			);
			runOnlyForDeploymentPostprocessing = 0;
		};
		12A7B2442B6B489000081A0C /* Sources */ = {
			isa = PBXSourcesBuildPhase;
			buildActionMask = 2147483647;
			files = (
				12A7B24D2B6B489000081A0C /* tip_calculatorTests.swift in Sources */,
			);
			runOnlyForDeploymentPostprocessing = 0;
		};
		12A7B24E2B6B489000081A0C /* Sources */ = {
			isa = PBXSourcesBuildPhase;
			buildActionMask = 2147483647;
			files = (
				12A7B2592B6B489000081A0C /* tip_calculatorUITestsLaunchTests.swift in Sources */,
				12A7B2572B6B489000081A0C /* tip_calculatorUITests.swift in Sources */,
			);
			runOnlyForDeploymentPostprocessing = 0;
		};
/* End PBXSourcesBuildPhase section */

/* Begin PBXTargetDependency section */
		12A7B24A2B6B489000081A0C /* PBXTargetDependency */ = {
			isa = PBXTargetDependency;
			target = 12A7B2312B6B488D00081A0C /* tip-calculator */;
			targetProxy = 12A7B2492B6B489000081A0C /* PBXContainerItemProxy */;
		};
		12A7B2542B6B489000081A0C /* PBXTargetDependency */ = {
			isa = PBXTargetDependency;
			target = 12A7B2312B6B488D00081A0C /* tip-calculator */;
			targetProxy = 12A7B2532B6B489000081A0C /* PBXContainerItemProxy */;
		};
/* End PBXTargetDependency section */

/* Begin PBXVariantGroup section */
		12A7B2402B6B488F00081A0C /* LaunchScreen.storyboard */ = {
			isa = PBXVariantGroup;
			children = (
				12A7B2412B6B488F00081A0C /* Base */,
			);
			name = LaunchScreen.storyboard;
			sourceTree = "<group>";
		};
/* End PBXVariantGroup section */

/* Begin XCBuildConfiguration section */
		12A7B25A2B6B489000081A0C /* Debug */ = {
			isa = XCBuildConfiguration;
			buildSettings = {
				ALWAYS_SEARCH_USER_PATHS = NO;
				ASSETCATALOG_COMPILER_GENERATE_SWIFT_ASSET_SYMBOL_EXTENSIONS = YES;
				CLANG_ANALYZER_NONNULL = YES;
				CLANG_ANALYZER_NUMBER_OBJECT_CONVERSION = YES_AGGRESSIVE;
				CLANG_CXX_LANGUAGE_STANDARD = "gnu++20";
				CLANG_ENABLE_MODULES = YES;
				CLANG_ENABLE_OBJC_ARC = YES;
				CLANG_ENABLE_OBJC_WEAK = YES;
				CLANG_WARN_BLOCK_CAPTURE_AUTORELEASING = YES;
				CLANG_WARN_BOOL_CONVERSION = YES;
				CLANG_WARN_COMMA = YES;
				CLANG_WARN_CONSTANT_CONVERSION = YES;
				CLANG_WARN_DEPRECATED_OBJC_IMPLEMENTATIONS = YES;
				CLANG_WARN_DIRECT_OBJC_ISA_USAGE = YES_ERROR;
				CLANG_WARN_DOCUMENTATION_COMMENTS = YES;
				CLANG_WARN_EMPTY_BODY = YES;
				CLANG_WARN_ENUM_CONVERSION = YES;
				CLANG_WARN_INFINITE_RECURSION = YES;
				CLANG_WARN_INT_CONVERSION = YES;
				CLANG_WARN_NON_LITERAL_NULL_CONVERSION = YES;
				CLANG_WARN_OBJC_IMPLICIT_RETAIN_SELF = YES;
				CLANG_WARN_OBJC_LITERAL_CONVERSION = YES;
				CLANG_WARN_OBJC_ROOT_CLASS = YES_ERROR;
				CLANG_WARN_QUOTED_INCLUDE_IN_FRAMEWORK_HEADER = YES;
				CLANG_WARN_RANGE_LOOP_ANALYSIS = YES;
				CLANG_WARN_STRICT_PROTOTYPES = YES;
				CLANG_WARN_SUSPICIOUS_MOVE = YES;
				CLANG_WARN_UNGUARDED_AVAILABILITY = YES_AGGRESSIVE;
				CLANG_WARN_UNREACHABLE_CODE = YES;
				CLANG_WARN__DUPLICATE_METHOD_MATCH = YES;
				COPY_PHASE_STRIP = NO;
				DEBUG_INFORMATION_FORMAT = dwarf;
				ENABLE_STRICT_OBJC_MSGSEND = YES;
				ENABLE_TESTABILITY = YES;
				ENABLE_USER_SCRIPT_SANDBOXING = YES;
				GCC_C_LANGUAGE_STANDARD = gnu17;
				GCC_DYNAMIC_NO_PIC = NO;
				GCC_NO_COMMON_BLOCKS = YES;
				GCC_OPTIMIZATION_LEVEL = 0;
				GCC_PREPROCESSOR_DEFINITIONS = (
					"DEBUG=1",
					"$(inherited)",
				);
				GCC_WARN_64_TO_32_BIT_CONVERSION = YES;
				GCC_WARN_ABOUT_RETURN_TYPE = YES_ERROR;
				GCC_WARN_UNDECLARED_SELECTOR = YES;
				GCC_WARN_UNINITIALIZED_AUTOS = YES_AGGRESSIVE;
				GCC_WARN_UNUSED_FUNCTION = YES;
				GCC_WARN_UNUSED_VARIABLE = YES;
				IPHONEOS_DEPLOYMENT_TARGET = 17.2;
				LOCALIZATION_PREFERS_STRING_CATALOGS = YES;
				MTL_ENABLE_DEBUG_INFO = INCLUDE_SOURCE;
				MTL_FAST_MATH = YES;
				ONLY_ACTIVE_ARCH = YES;
				SDKROOT = iphoneos;
				SWIFT_ACTIVE_COMPILATION_CONDITIONS = "DEBUG $(inherited)";
				SWIFT_OPTIMIZATION_LEVEL = "-Onone";
			};
			name = Debug;
		};
		12A7B25B2B6B489000081A0C /* Release */ = {
			isa = XCBuildConfiguration;
			buildSettings = {
				ALWAYS_SEARCH_USER_PATHS = NO;
				ASSETCATALOG_COMPILER_GENERATE_SWIFT_ASSET_SYMBOL_EXTENSIONS = YES;
				CLANG_ANALYZER_NONNULL = YES;
				CLANG_ANALYZER_NUMBER_OBJECT_CONVERSION = YES_AGGRESSIVE;
				CLANG_CXX_LANGUAGE_STANDARD = "gnu++20";
				CLANG_ENABLE_MODULES = YES;
				CLANG_ENABLE_OBJC_ARC = YES;
				CLANG_ENABLE_OBJC_WEAK = YES;
				CLANG_WARN_BLOCK_CAPTURE_AUTORELEASING = YES;
				CLANG_WARN_BOOL_CONVERSION = YES;
				CLANG_WARN_COMMA = YES;
				CLANG_WARN_CONSTANT_CONVERSION = YES;
				CLANG_WARN_DEPRECATED_OBJC_IMPLEMENTATIONS = YES;
				CLANG_WARN_DIRECT_OBJC_ISA_USAGE = YES_ERROR;
				CLANG_WARN_DOCUMENTATION_COMMENTS = YES;
				CLANG_WARN_EMPTY_BODY = YES;
				CLANG_WARN_ENUM_CONVERSION = YES;
				CLANG_WARN_INFINITE_RECURSION = YES;
				CLANG_WARN_INT_CONVERSION = YES;
				CLANG_WARN_NON_LITERAL_NULL_CONVERSION = YES;
				CLANG_WARN_OBJC_IMPLICIT_RETAIN_SELF = YES;
				CLANG_WARN_OBJC_LITERAL_CONVERSION = YES;
				CLANG_WARN_OBJC_ROOT_CLASS = YES_ERROR;
				CLANG_WARN_QUOTED_INCLUDE_IN_FRAMEWORK_HEADER = YES;
				CLANG_WARN_RANGE_LOOP_ANALYSIS = YES;
				CLANG_WARN_STRICT_PROTOTYPES = YES;
				CLANG_WARN_SUSPICIOUS_MOVE = YES;
				CLANG_WARN_UNGUARDED_AVAILABILITY = YES_AGGRESSIVE;
				CLANG_WARN_UNREACHABLE_CODE = YES;
				CLANG_WARN__DUPLICATE_METHOD_MATCH = YES;
				COPY_PHASE_STRIP = NO;
				DEBUG_INFORMATION_FORMAT = "dwarf-with-dsym";
				ENABLE_NS_ASSERTIONS = NO;
				ENABLE_STRICT_OBJC_MSGSEND = YES;
				ENABLE_USER_SCRIPT_SANDBOXING = YES;
				GCC_C_LANGUAGE_STANDARD = gnu17;
				GCC_NO_COMMON_BLOCKS = YES;
				GCC_WARN_64_TO_32_BIT_CONVERSION = YES;
				GCC_WARN_ABOUT_RETURN_TYPE = YES_ERROR;
				GCC_WARN_UNDECLARED_SELECTOR = YES;
				GCC_WARN_UNINITIALIZED_AUTOS = YES_AGGRESSIVE;
				GCC_WARN_UNUSED_FUNCTION = YES;
				GCC_WARN_UNUSED_VARIABLE = YES;
				IPHONEOS_DEPLOYMENT_TARGET = 17.2;
				LOCALIZATION_PREFERS_STRING_CATALOGS = YES;
				MTL_ENABLE_DEBUG_INFO = NO;
				MTL_FAST_MATH = YES;
				SDKROOT = iphoneos;
				SWIFT_COMPILATION_MODE = wholemodule;
				VALIDATE_PRODUCT = YES;
			};
			name = Release;
		};
		12A7B25D2B6B489000081A0C /* Debug */ = {
			isa = XCBuildConfiguration;
			buildSettings = {
				ASSETCATALOG_COMPILER_APPICON_NAME = AppIcon;
				ASSETCATALOG_COMPILER_GLOBAL_ACCENT_COLOR_NAME = AccentColor;
				CODE_SIGN_STYLE = Automatic;
				CURRENT_PROJECT_VERSION = 1;
				DEVELOPMENT_TEAM = 8G73TT8TCG;
				GENERATE_INFOPLIST_FILE = YES;
				INFOPLIST_FILE = "tip-calculator/Info.plist";
				INFOPLIST_KEY_UIApplicationSupportsIndirectInputEvents = YES;
				INFOPLIST_KEY_UILaunchStoryboardName = LaunchScreen;
				INFOPLIST_KEY_UISupportedInterfaceOrientations_iPad = "UIInterfaceOrientationPortrait UIInterfaceOrientationPortraitUpsideDown UIInterfaceOrientationLandscapeLeft UIInterfaceOrientationLandscapeRight";
				INFOPLIST_KEY_UISupportedInterfaceOrientations_iPhone = "UIInterfaceOrientationPortrait UIInterfaceOrientationLandscapeLeft UIInterfaceOrientationLandscapeRight";
				LD_RUNPATH_SEARCH_PATHS = (
					"$(inherited)",
					"@executable_path/Frameworks",
				);
				MARKETING_VERSION = 1.0;
				PRODUCT_BUNDLE_IDENTIFIER = "com.tip-calculator";
				PRODUCT_NAME = "$(TARGET_NAME)";
				SWIFT_EMIT_LOC_STRINGS = YES;
				SWIFT_VERSION = 5.0;
				TARGETED_DEVICE_FAMILY = "1,2";
			};
			name = Debug;
		};
		12A7B25E2B6B489000081A0C /* Release */ = {
			isa = XCBuildConfiguration;
			buildSettings = {
				ASSETCATALOG_COMPILER_APPICON_NAME = AppIcon;
				ASSETCATALOG_COMPILER_GLOBAL_ACCENT_COLOR_NAME = AccentColor;
				CODE_SIGN_STYLE = Automatic;
				CURRENT_PROJECT_VERSION = 1;
				DEVELOPMENT_TEAM = 8G73TT8TCG;
				GENERATE_INFOPLIST_FILE = YES;
				INFOPLIST_FILE = "tip-calculator/Info.plist";
				INFOPLIST_KEY_UIApplicationSupportsIndirectInputEvents = YES;
				INFOPLIST_KEY_UILaunchStoryboardName = LaunchScreen;
				INFOPLIST_KEY_UISupportedInterfaceOrientations_iPad = "UIInterfaceOrientationPortrait UIInterfaceOrientationPortraitUpsideDown UIInterfaceOrientationLandscapeLeft UIInterfaceOrientationLandscapeRight";
				INFOPLIST_KEY_UISupportedInterfaceOrientations_iPhone = "UIInterfaceOrientationPortrait UIInterfaceOrientationLandscapeLeft UIInterfaceOrientationLandscapeRight";
				LD_RUNPATH_SEARCH_PATHS = (
					"$(inherited)",
					"@executable_path/Frameworks",
				);
				MARKETING_VERSION = 1.0;
				PRODUCT_BUNDLE_IDENTIFIER = "com.tip-calculator";
				PRODUCT_NAME = "$(TARGET_NAME)";
				SWIFT_EMIT_LOC_STRINGS = YES;
				SWIFT_VERSION = 5.0;
				TARGETED_DEVICE_FAMILY = "1,2";
			};
			name = Release;
		};
		12A7B2602B6B489000081A0C /* Debug */ = {
			isa = XCBuildConfiguration;
			buildSettings = {
				ALWAYS_EMBED_SWIFT_STANDARD_LIBRARIES = YES;
				BUNDLE_LOADER = "$(TEST_HOST)";
				CODE_SIGN_STYLE = Automatic;
				CURRENT_PROJECT_VERSION = 1;
				DEVELOPMENT_TEAM = 8G73TT8TCG;
				GENERATE_INFOPLIST_FILE = YES;
				IPHONEOS_DEPLOYMENT_TARGET = 17.2;
				MARKETING_VERSION = 1.0;
				PRODUCT_BUNDLE_IDENTIFIER = "com.tip-calculatorTests";
				PRODUCT_NAME = "$(TARGET_NAME)";
				SWIFT_EMIT_LOC_STRINGS = NO;
				SWIFT_VERSION = 5.0;
				TARGETED_DEVICE_FAMILY = "1,2";
				TEST_HOST = "$(BUILT_PRODUCTS_DIR)/tip-calculator.app/$(BUNDLE_EXECUTABLE_FOLDER_PATH)/tip-calculator";
			};
			name = Debug;
		};
		12A7B2612B6B489000081A0C /* Release */ = {
			isa = XCBuildConfiguration;
			buildSettings = {
				ALWAYS_EMBED_SWIFT_STANDARD_LIBRARIES = YES;
				BUNDLE_LOADER = "$(TEST_HOST)";
				CODE_SIGN_STYLE = Automatic;
				CURRENT_PROJECT_VERSION = 1;
				DEVELOPMENT_TEAM = 8G73TT8TCG;
				GENERATE_INFOPLIST_FILE = YES;
				IPHONEOS_DEPLOYMENT_TARGET = 17.2;
				MARKETING_VERSION = 1.0;
				PRODUCT_BUNDLE_IDENTIFIER = "com.tip-calculatorTests";
				PRODUCT_NAME = "$(TARGET_NAME)";
				SWIFT_EMIT_LOC_STRINGS = NO;
				SWIFT_VERSION = 5.0;
				TARGETED_DEVICE_FAMILY = "1,2";
				TEST_HOST = "$(BUILT_PRODUCTS_DIR)/tip-calculator.app/$(BUNDLE_EXECUTABLE_FOLDER_PATH)/tip-calculator";
			};
			name = Release;
		};
		12A7B2632B6B489000081A0C /* Debug */ = {
			isa = XCBuildConfiguration;
			buildSettings = {
				ALWAYS_EMBED_SWIFT_STANDARD_LIBRARIES = YES;
				CODE_SIGN_STYLE = Automatic;
				CURRENT_PROJECT_VERSION = 1;
				DEVELOPMENT_TEAM = 8G73TT8TCG;
				GENERATE_INFOPLIST_FILE = YES;
				MARKETING_VERSION = 1.0;
				PRODUCT_BUNDLE_IDENTIFIER = "com.tip-calculatorUITests";
				PRODUCT_NAME = "$(TARGET_NAME)";
				SWIFT_EMIT_LOC_STRINGS = NO;
				SWIFT_VERSION = 5.0;
				TARGETED_DEVICE_FAMILY = "1,2";
				TEST_TARGET_NAME = "tip-calculator";
			};
			name = Debug;
		};
		12A7B2642B6B489000081A0C /* Release */ = {
			isa = XCBuildConfiguration;
			buildSettings = {
				ALWAYS_EMBED_SWIFT_STANDARD_LIBRARIES = YES;
				CODE_SIGN_STYLE = Automatic;
				CURRENT_PROJECT_VERSION = 1;
				DEVELOPMENT_TEAM = 8G73TT8TCG;
				GENERATE_INFOPLIST_FILE = YES;
				MARKETING_VERSION = 1.0;
				PRODUCT_BUNDLE_IDENTIFIER = "com.tip-calculatorUITests";
				PRODUCT_NAME = "$(TARGET_NAME)";
				SWIFT_EMIT_LOC_STRINGS = NO;
				SWIFT_VERSION = 5.0;
				TARGETED_DEVICE_FAMILY = "1,2";
				TEST_TARGET_NAME = "tip-calculator";
			};
			name = Release;
		};
/* End XCBuildConfiguration section */

/* Begin XCConfigurationList section */
		12A7B22D2B6B488D00081A0C /* Build configuration list for PBXProject "tip-calculator" */ = {
			isa = XCConfigurationList;
			buildConfigurations = (
				12A7B25A2B6B489000081A0C /* Debug */,
				12A7B25B2B6B489000081A0C /* Release */,
			);
			defaultConfigurationIsVisible = 0;
			defaultConfigurationName = Release;
		};
		12A7B25C2B6B489000081A0C /* Build configuration list for PBXNativeTarget "tip-calculator" */ = {
			isa = XCConfigurationList;
			buildConfigurations = (
				12A7B25D2B6B489000081A0C /* Debug */,
				12A7B25E2B6B489000081A0C /* Release */,
			);
			defaultConfigurationIsVisible = 0;
			defaultConfigurationName = Release;
		};
		12A7B25F2B6B489000081A0C /* Build configuration list for PBXNativeTarget "tip-calculatorTests" */ = {
			isa = XCConfigurationList;
			buildConfigurations = (
				12A7B2602B6B489000081A0C /* Debug */,
				12A7B2612B6B489000081A0C /* Release */,
			);
			defaultConfigurationIsVisible = 0;
			defaultConfigurationName = Release;
		};
		12A7B2622B6B489000081A0C /* Build configuration list for PBXNativeTarget "tip-calculatorUITests" */ = {
			isa = XCConfigurationList;
			buildConfigurations = (
				12A7B2632B6B489000081A0C /* Debug */,
				12A7B2642B6B489000081A0C /* Release */,
			);
			defaultConfigurationIsVisible = 0;
			defaultConfigurationName = Release;
		};
/* End XCConfigurationList section */

/* Begin XCRemoteSwiftPackageReference section */
		12A7B2652B6CB59B00081A0C /* XCRemoteSwiftPackageReference "CombineCocoa" */ = {
			isa = XCRemoteSwiftPackageReference;
			repositoryURL = "https://github.com/CombineCommunity/CombineCocoa";
			requirement = {
				kind = upToNextMinorVersion;
				minimumVersion = 0.4.1;
			};
		};
		12A7B2682B6CB5CF00081A0C /* XCRemoteSwiftPackageReference "SnapKit" */ = {
			isa = XCRemoteSwiftPackageReference;
			repositoryURL = "https://github.com/SnapKit/SnapKit";
			requirement = {
				kind = upToNextMinorVersion;
				minimumVersion = 5.7.0;
			};
		};
		12A7B26E2B6CB6F200081A0C /* XCRemoteSwiftPackageReference "swift-snapshot-testing" */ = {
			isa = XCRemoteSwiftPackageReference;
			repositoryURL = "https://github.com/pointfreeco/swift-snapshot-testing";
			requirement = {
				kind = upToNextMinorVersion;
				minimumVersion = 1.15.3;
			};
		};
/* End XCRemoteSwiftPackageReference section */

/* Begin XCSwiftPackageProductDependency section */
		12A7B2662B6CB59C00081A0C /* CombineCocoa */ = {
			isa = XCSwiftPackageProductDependency;
			package = 12A7B2652B6CB59B00081A0C /* XCRemoteSwiftPackageReference "CombineCocoa" */;
			productName = CombineCocoa;
		};
		12A7B2692B6CB5CF00081A0C /* SnapKit */ = {
			isa = XCSwiftPackageProductDependency;
			package = 12A7B2682B6CB5CF00081A0C /* XCRemoteSwiftPackageReference "SnapKit" */;
			productName = SnapKit;
		};
		12A7B26C2B6CB5F900081A0C /* CombineCocoa */ = {
			isa = XCSwiftPackageProductDependency;
			package = 12A7B2652B6CB59B00081A0C /* XCRemoteSwiftPackageReference "CombineCocoa" */;
			productName = CombineCocoa;
		};
		12A7B26F2B6CB6F200081A0C /* SnapshotTesting */ = {
			isa = XCSwiftPackageProductDependency;
			package = 12A7B26E2B6CB6F200081A0C /* XCRemoteSwiftPackageReference "swift-snapshot-testing" */;
			productName = SnapshotTesting;
		};
		12A7B2712B6CB70600081A0C /* CombineCocoa */ = {
			isa = XCSwiftPackageProductDependency;
			package = 12A7B2652B6CB59B00081A0C /* XCRemoteSwiftPackageReference "CombineCocoa" */;
			productName = CombineCocoa;
		};
/* End XCSwiftPackageProductDependency section */
	};
	rootObject = 12A7B22A2B6B488D00081A0C /* Project object */;
}
